
Microsoft Visual Studio Solution File, Format Version 12.00
# Visual Studio 15
VisualStudioVersion = 15.0.28307.136
MinimumVisualStudioVersion = 10.0.40219.1
Project("{9A19103F-16F7-4668-BE54-9A1E7A4F7556}") = "Multi.Core", "Multi.Core\Multi.Core.csproj", "{0CC89ADC-89B9-4CF2-85E8-BA6B57114EE4}"
EndProject
Project("{9A19103F-16F7-4668-BE54-9A1E7A4F7556}") = "Multi.Core.Tests.Unit", "Multi.Core.Tests.Unit\Multi.Core.Tests.Unit.csproj", "{E579FDA7-5A58-4052-8359-B5565B444EC7}"
EndProject
Project("{9A19103F-16F7-4668-BE54-9A1E7A4F7556}") = "Multi.Data", "Multi.Data\Multi.Data.csproj", "{B9656714-47C7-403A-86F7-AB8DB74C902D}"
EndProject
Project("{9A19103F-16F7-4668-BE54-9A1E7A4F7556}") = "Multi.Data.ADO", "Multi.Data.ADO\Multi.Data.ADO.csproj", "{430081B2-28C7-4AD7-A10A-B6179852DD9F}"
EndProject
Project("{9A19103F-16F7-4668-BE54-9A1E7A4F7556}") = "Multi.Data.Tests.Unit", "Multi.Data.Tests.Unit\Multi.Data.Tests.Unit.csproj", "{027BD316-FF58-40DE-8F3A-79C5A84DD323}"
EndProject
Project("{FAE04EC0-301F-11D3-BF4B-00C04F79EFBC}") = "Multi.IO", "Multi.IO\Multi.IO.csproj", "{E9620969-8EB7-47A8-82A6-36078F9EC924}"
EndProject
Project("{FAE04EC0-301F-11D3-BF4B-00C04F79EFBC}") = "Multi.FTP.FluentFTP", "Multi.FTP.FluentFTP\Multi.FTP.FluentFTP.csproj", "{E7880BC7-238A-40B9-A3A7-66B1074F7DC5}"
EndProject
Global
	GlobalSection(SolutionConfigurationPlatforms) = preSolution
		Debug|Any CPU = Debug|Any CPU
		Release|Any CPU = Release|Any CPU
	EndGlobalSection
	GlobalSection(ProjectConfigurationPlatforms) = postSolution
		{0CC89ADC-89B9-4CF2-85E8-BA6B57114EE4}.Debug|Any CPU.ActiveCfg = Debug|Any CPU
		{0CC89ADC-89B9-4CF2-85E8-BA6B57114EE4}.Debug|Any CPU.Build.0 = Debug|Any CPU
		{0CC89ADC-89B9-4CF2-85E8-BA6B57114EE4}.Release|Any CPU.ActiveCfg = Release|Any CPU
		{0CC89ADC-89B9-4CF2-85E8-BA6B57114EE4}.Release|Any CPU.Build.0 = Release|Any CPU
		{E579FDA7-5A58-4052-8359-B5565B444EC7}.Debug|Any CPU.ActiveCfg = Debug|Any CPU
		{E579FDA7-5A58-4052-8359-B5565B444EC7}.Debug|Any CPU.Build.0 = Debug|Any CPU
		{E579FDA7-5A58-4052-8359-B5565B444EC7}.Release|Any CPU.ActiveCfg = Release|Any CPU
		{E579FDA7-5A58-4052-8359-B5565B444EC7}.Release|Any CPU.Build.0 = Release|Any CPU
		{B9656714-47C7-403A-86F7-AB8DB74C902D}.Debug|Any CPU.ActiveCfg = Debug|Any CPU
		{B9656714-47C7-403A-86F7-AB8DB74C902D}.Debug|Any CPU.Build.0 = Debug|Any CPU
		{B9656714-47C7-403A-86F7-AB8DB74C902D}.Release|Any CPU.ActiveCfg = Release|Any CPU
		{B9656714-47C7-403A-86F7-AB8DB74C902D}.Release|Any CPU.Build.0 = Release|Any CPU
		{430081B2-28C7-4AD7-A10A-B6179852DD9F}.Debug|Any CPU.ActiveCfg = Debug|Any CPU
		{430081B2-28C7-4AD7-A10A-B6179852DD9F}.Debug|Any CPU.Build.0 = Debug|Any CPU
		{430081B2-28C7-4AD7-A10A-B6179852DD9F}.Release|Any CPU.ActiveCfg = Release|Any CPU
		{430081B2-28C7-4AD7-A10A-B6179852DD9F}.Release|Any CPU.Build.0 = Release|Any CPU
		{027BD316-FF58-40DE-8F3A-79C5A84DD323}.Debug|Any CPU.ActiveCfg = Debug|Any CPU
		{027BD316-FF58-40DE-8F3A-79C5A84DD323}.Debug|Any CPU.Build.0 = Debug|Any CPU
		{027BD316-FF58-40DE-8F3A-79C5A84DD323}.Release|Any CPU.ActiveCfg = Release|Any CPU
		{027BD316-FF58-40DE-8F3A-79C5A84DD323}.Release|Any CPU.Build.0 = Release|Any CPU
		{E9620969-8EB7-47A8-82A6-36078F9EC924}.Debug|Any CPU.ActiveCfg = Debug|Any CPU
		{E9620969-8EB7-47A8-82A6-36078F9EC924}.Debug|Any CPU.Build.0 = Debug|Any CPU
		{E9620969-8EB7-47A8-82A6-36078F9EC924}.Release|Any CPU.ActiveCfg = Release|Any CPU
		{E9620969-8EB7-47A8-82A6-36078F9EC924}.Release|Any CPU.Build.0 = Release|Any CPU
		{E7880BC7-238A-40B9-A3A7-66B1074F7DC5}.Debug|Any CPU.ActiveCfg = Debug|Any CPU
		{E7880BC7-238A-40B9-A3A7-66B1074F7DC5}.Debug|Any CPU.Build.0 = Debug|Any CPU
		{E7880BC7-238A-40B9-A3A7-66B1074F7DC5}.Release|Any CPU.ActiveCfg = Release|Any CPU
		{E7880BC7-238A-40B9-A3A7-66B1074F7DC5}.Release|Any CPU.Build.0 = Release|Any CPU
	EndGlobalSection
	GlobalSection(SolutionProperties) = preSolution
		HideSolutionNode = FALSE
	EndGlobalSection
	GlobalSection(ExtensibilityGlobals) = postSolution
		SolutionGuid = {EC403F8E-75FD-4D82-9E60-24706BB68CC1}
	EndGlobalSection
EndGlobal
